
Microsoft Visual Studio Solution File, Format Version 12.00
# Visual Studio Version 17
VisualStudioVersion = 17.7.33906.173
MinimumVisualStudioVersion = 10.0.40219.1
Project("{9A19103F-16F7-4668-BE54-9A1E7A4F7556}") = "GYMLog.BL", "GYMLog.BL\GYMLog.BL.csproj", "{008BC4A2-1643-4E91-ADB0-BC4545181E7B}"
EndProject
Project("{9A19103F-16F7-4668-BE54-9A1E7A4F7556}") = "GYMLog.CMD", "GYMLog.CMD\GYMLog.CMD.csproj", "{6EEFC4CE-D2CD-45B6-ADAF-BF2BD977740F}"
EndProject
Project("{2150E333-8FDC-42A3-9474-1A3956D46DE8}") = "Solution Items", "Solution Items", "{09F62998-8D19-4CF7-B0A3-59EAAAFC49BB}"
	ProjectSection(SolutionItems) = preProject
		.editorconfig = .editorconfig
	EndProjectSection
EndProject
Project("{9A19103F-16F7-4668-BE54-9A1E7A4F7556}") = "GYMLog.BLTests", "GYMLog.BLTests\GYMLog.BLTests.csproj", "{3E9E87D7-17F6-44AB-8E04-102CF7D4D1BF}"
EndProject
Project("{9A19103F-16F7-4668-BE54-9A1E7A4F7556}") = "WinFormsGUI", "WinFormsGUI\WinFormsGUI.csproj", "{422EDB63-D7B7-4F00-BB78-3F342870028D}"
EndProject
Global
	GlobalSection(SolutionConfigurationPlatforms) = preSolution
		Debug|Any CPU = Debug|Any CPU
		Release|Any CPU = Release|Any CPU
	EndGlobalSection
	GlobalSection(ProjectConfigurationPlatforms) = postSolution
		{008BC4A2-1643-4E91-ADB0-BC4545181E7B}.Debug|Any CPU.ActiveCfg = Debug|Any CPU
		{008BC4A2-1643-4E91-ADB0-BC4545181E7B}.Debug|Any CPU.Build.0 = Debug|Any CPU
		{008BC4A2-1643-4E91-ADB0-BC4545181E7B}.Release|Any CPU.ActiveCfg = Release|Any CPU
		{008BC4A2-1643-4E91-ADB0-BC4545181E7B}.Release|Any CPU.Build.0 = Release|Any CPU
		{6EEFC4CE-D2CD-45B6-ADAF-BF2BD977740F}.Debug|Any CPU.ActiveCfg = Debug|Any CPU
		{6EEFC4CE-D2CD-45B6-ADAF-BF2BD977740F}.Debug|Any CPU.Build.0 = Debug|Any CPU
		{6EEFC4CE-D2CD-45B6-ADAF-BF2BD977740F}.Release|Any CPU.ActiveCfg = Release|Any CPU
		{6EEFC4CE-D2CD-45B6-ADAF-BF2BD977740F}.Release|Any CPU.Build.0 = Release|Any CPU
		{3E9E87D7-17F6-44AB-8E04-102CF7D4D1BF}.Debug|Any CPU.ActiveCfg = Debug|Any CPU
		{3E9E87D7-17F6-44AB-8E04-102CF7D4D1BF}.Debug|Any CPU.Build.0 = Debug|Any CPU
		{3E9E87D7-17F6-44AB-8E04-102CF7D4D1BF}.Release|Any CPU.ActiveCfg = Release|Any CPU
		{3E9E87D7-17F6-44AB-8E04-102CF7D4D1BF}.Release|Any CPU.Build.0 = Release|Any CPU
		{422EDB63-D7B7-4F00-BB78-3F342870028D}.Debug|Any CPU.ActiveCfg = Debug|Any CPU
		{422EDB63-D7B7-4F00-BB78-3F342870028D}.Debug|Any CPU.Build.0 = Debug|Any CPU
		{422EDB63-D7B7-4F00-BB78-3F342870028D}.Release|Any CPU.ActiveCfg = Release|Any CPU
		{422EDB63-D7B7-4F00-BB78-3F342870028D}.Release|Any CPU.Build.0 = Release|Any CPU
	EndGlobalSection
	GlobalSection(SolutionProperties) = preSolution
		HideSolutionNode = FALSE
	EndGlobalSection
	GlobalSection(ExtensibilityGlobals) = postSolution
		SolutionGuid = {D5767368-9002-4C20-8607-7FC1D03E186B}
	EndGlobalSection
EndGlobal
