
Microsoft Visual Studio Solution File, Format Version 12.00
# Visual Studio Version 17
VisualStudioVersion = 17.7.33906.173
MinimumVisualStudioVersion = 10.0.40219.1
Project("{FAE04EC0-301F-11D3-BF4B-00C04F79EFBC}") = "GYMLog.BL", "GYMLog.BL\GYMLog.BL.csproj", "{008BC4A2-1643-4E91-ADB0-BC4545181E7B}"
EndProject
Project("{FAE04EC0-301F-11D3-BF4B-00C04F79EFBC}") = "GYMLog.CMD", "GYMLog.CMD\GYMLog.CMD.csproj", "{6EEFC4CE-D2CD-45B6-ADAF-BF2BD977740F}"
EndProject
Global
	GlobalSection(SolutionConfigurationPlatforms) = preSolution
		Debug|Any CPU = Debug|Any CPU
		Release|Any CPU = Release|Any CPU
	EndGlobalSection
	GlobalSection(ProjectConfigurationPlatforms) = postSolution
		{008BC4A2-1643-4E91-ADB0-BC4545181E7B}.Debug|Any CPU.ActiveCfg = Debug|Any CPU
		{008BC4A2-1643-4E91-ADB0-BC4545181E7B}.Debug|Any CPU.Build.0 = Debug|Any CPU
		{008BC4A2-1643-4E91-ADB0-BC4545181E7B}.Release|Any CPU.ActiveCfg = Release|Any CPU
		{008BC4A2-1643-4E91-ADB0-BC4545181E7B}.Release|Any CPU.Build.0 = Release|Any CPU
		{6EEFC4CE-D2CD-45B6-ADAF-BF2BD977740F}.Debug|Any CPU.ActiveCfg = Debug|Any CPU
		{6EEFC4CE-D2CD-45B6-ADAF-BF2BD977740F}.Debug|Any CPU.Build.0 = Debug|Any CPU
		{6EEFC4CE-D2CD-45B6-ADAF-BF2BD977740F}.Release|Any CPU.ActiveCfg = Release|Any CPU
		{6EEFC4CE-D2CD-45B6-ADAF-BF2BD977740F}.Release|Any CPU.Build.0 = Release|Any CPU
	EndGlobalSection
	GlobalSection(SolutionProperties) = preSolution
		HideSolutionNode = FALSE
	EndGlobalSection
	GlobalSection(ExtensibilityGlobals) = postSolution
		SolutionGuid = {D5767368-9002-4C20-8607-7FC1D03E186B}
	EndGlobalSection
EndGlobal
